
Microsoft Visual Studio Solution File, Format Version 12.00
Project("{2150E333-8FDC-42A3-9474-1A3956D46DE8}") = "1-Presentation", "1-Presentation", "{2697541A-86D7-48DF-BD66-574E9CB6EB98}"
EndProject
Project("{2150E333-8FDC-42A3-9474-1A3956D46DE8}") = "2-Application", "2-Application", "{CC706C4E-BDFD-4BA4-8E9E-D51C03AF2497}"
EndProject
Project("{2150E333-8FDC-42A3-9474-1A3956D46DE8}") = "3-Domain", "3-Domain", "{88EB0423-E057-4F84-AD3E-3BF137836F37}"
EndProject
Project("{2150E333-8FDC-42A3-9474-1A3956D46DE8}") = "4-Infra", "4-Infra", "{328926A4-BBA3-412C-BE8A-5878C88F4032}"
EndProject
Project("{FAE04EC0-301F-11D3-BF4B-00C04F79EFBC}") = "Universidade.Presentation", "Universidade.Presentation\Universidade.Presentation.csproj", "{67F26E05-0994-4AE6-8E1F-C988DA462E68}"
EndProject
Project("{FAE04EC0-301F-11D3-BF4B-00C04F79EFBC}") = "Universidade.Domain", "Universidade.Domain\Universidade.Domain.csproj", "{B363567A-8432-4717-814A-0856DB62122A}"
EndProject
Project("{FAE04EC0-301F-11D3-BF4B-00C04F79EFBC}") = "Universidade.Infra", "Universidade.Infra\Universidade.Infra.csproj", "{3E1E1AD7-B76E-4B5E-BAC4-492C4F5C4889}"
EndProject
Project("{FAE04EC0-301F-11D3-BF4B-00C04F79EFBC}") = "APIUni", "APIUni\APIUni.csproj", "{3720E401-10A1-462C-833D-283E69B78777}"
EndProject
Global
	GlobalSection(SolutionConfigurationPlatforms) = preSolution
		Debug|Any CPU = Debug|Any CPU
		Release|Any CPU = Release|Any CPU
	EndGlobalSection
	GlobalSection(NestedProjects) = preSolution
		{67F26E05-0994-4AE6-8E1F-C988DA462E68} = {2697541A-86D7-48DF-BD66-574E9CB6EB98}
		{B363567A-8432-4717-814A-0856DB62122A} = {88EB0423-E057-4F84-AD3E-3BF137836F37}
		{3E1E1AD7-B76E-4B5E-BAC4-492C4F5C4889} = {328926A4-BBA3-412C-BE8A-5878C88F4032}
		{3720E401-10A1-462C-833D-283E69B78777} = {2697541A-86D7-48DF-BD66-574E9CB6EB98}
	EndGlobalSection
	GlobalSection(ProjectConfigurationPlatforms) = postSolution
		{67F26E05-0994-4AE6-8E1F-C988DA462E68}.Debug|Any CPU.ActiveCfg = Debug|Any CPU
		{67F26E05-0994-4AE6-8E1F-C988DA462E68}.Debug|Any CPU.Build.0 = Debug|Any CPU
		{67F26E05-0994-4AE6-8E1F-C988DA462E68}.Release|Any CPU.ActiveCfg = Release|Any CPU
		{67F26E05-0994-4AE6-8E1F-C988DA462E68}.Release|Any CPU.Build.0 = Release|Any CPU
		{B363567A-8432-4717-814A-0856DB62122A}.Debug|Any CPU.ActiveCfg = Debug|Any CPU
		{B363567A-8432-4717-814A-0856DB62122A}.Debug|Any CPU.Build.0 = Debug|Any CPU
		{B363567A-8432-4717-814A-0856DB62122A}.Release|Any CPU.ActiveCfg = Release|Any CPU
		{B363567A-8432-4717-814A-0856DB62122A}.Release|Any CPU.Build.0 = Release|Any CPU
		{3E1E1AD7-B76E-4B5E-BAC4-492C4F5C4889}.Debug|Any CPU.ActiveCfg = Debug|Any CPU
		{3E1E1AD7-B76E-4B5E-BAC4-492C4F5C4889}.Debug|Any CPU.Build.0 = Debug|Any CPU
		{3E1E1AD7-B76E-4B5E-BAC4-492C4F5C4889}.Release|Any CPU.ActiveCfg = Release|Any CPU
		{3E1E1AD7-B76E-4B5E-BAC4-492C4F5C4889}.Release|Any CPU.Build.0 = Release|Any CPU
		{3720E401-10A1-462C-833D-283E69B78777}.Debug|Any CPU.ActiveCfg = Debug|Any CPU
		{3720E401-10A1-462C-833D-283E69B78777}.Debug|Any CPU.Build.0 = Debug|Any CPU
		{3720E401-10A1-462C-833D-283E69B78777}.Release|Any CPU.ActiveCfg = Release|Any CPU
		{3720E401-10A1-462C-833D-283E69B78777}.Release|Any CPU.Build.0 = Release|Any CPU
	EndGlobalSection
EndGlobal
